{
  "version": 4,
  "terraform_version": "1.8.4",
  "serial": 37,
  "lineage": "241d7d59-4a2c-fb47-7eff-60cfed43a8e8",
  "outputs": {
    "ips": {
      "value": [
        {
          "commonrosebud": {
            "public_ip": "146.190.44.120"
          },
          "lonelyserpent": {
            "public_ip": "146.190.60.158"
          },
          "production": {
            "public_ip": "146.190.116.184"
          },
          "test": {
            "public_ip": "146.190.44.159"
          }
        }
      ],
      "type": [
        "tuple",
        [
          [
            "object",
            {
              "commonrosebud": [
                "object",
                {
                  "public_ip": "string"
                }
              ],
              "lonelyserpent": [
                "object",
                {
                  "public_ip": "string"
                }
              ],
              "production": [
                "object",
                {
                  "public_ip": "string"
                }
              ],
              "test": [
                "object",
                {
                  "public_ip": "string"
                }
              ]
            }
          ]
        ]
      ]
    }
  },
  "resources": [
    {
      "mode": "managed",
      "type": "digitalocean_record",
      "name": "arecords",
      "provider": "provider[\"registry.terraform.io/digitalocean/digitalocean\"]",
      "instances": [
        {
          "index_key": "commonrosebud",
          "schema_version": 0,
          "attributes": {
            "domain": "kessler.xyz",
            "flags": 0,
            "fqdn": "commonrosebud.kessler.xyz",
            "id": "1742060137",
            "name": "commonrosebud",
            "port": 0,
            "priority": 0,
            "tag": "",
            "ttl": 60,
            "type": "A",
            "value": "146.190.44.120",
            "weight": 0
          },
          "sensitive_attributes": [],
          "private": "bnVsbA==",
          "dependencies": [
            "module.instances.data.digitalocean_ssh_key.terraform",
            "module.instances.digitalocean_droplet.this"
          ]
        },
        {
          "index_key": "lonelyserpent",
          "schema_version": 0,
          "attributes": {
            "domain": "kessler.xyz",
            "flags": 0,
            "fqdn": "lonelyserpent.kessler.xyz",
            "id": "1742060140",
            "name": "lonelyserpent",
            "port": 0,
            "priority": 0,
            "tag": "",
            "ttl": 60,
            "type": "A",
            "value": "146.190.60.158",
            "weight": 0
          },
          "sensitive_attributes": [],
          "private": "bnVsbA==",
          "dependencies": [
            "module.instances.data.digitalocean_ssh_key.terraform",
            "module.instances.digitalocean_droplet.this"
          ]
        },
        {
          "index_key": "production",
          "schema_version": 0,
          "attributes": {
            "domain": "kessler.xyz",
            "flags": 0,
            "fqdn": "app.kessler.xyz",
            "id": "1742060138",
            "name": "app",
            "port": 0,
            "priority": 0,
            "tag": "",
            "ttl": 60,
            "type": "A",
            "value": "146.190.116.184",
            "weight": 0
          },
          "sensitive_attributes": [],
          "private": "bnVsbA==",
          "dependencies": [
            "module.instances.data.digitalocean_ssh_key.terraform",
            "module.instances.digitalocean_droplet.this"
          ]
        },
        {
          "index_key": "test",
          "schema_version": 0,
          "attributes": {
            "domain": "kessler.xyz",
            "flags": 0,
            "fqdn": "test.kessler.xyz",
            "id": "1742060136",
            "name": "test",
            "port": 0,
            "priority": 0,
            "tag": "",
            "ttl": 60,
            "type": "A",
            "value": "146.190.44.159",
            "weight": 0
          },
          "sensitive_attributes": [],
          "private": "bnVsbA==",
          "dependencies": [
            "module.instances.data.digitalocean_ssh_key.terraform",
            "module.instances.digitalocean_droplet.this"
          ]
        }
      ]
    },
    {
      "module": "module.instances[\"commonrosebud\"]",
      "mode": "data",
      "type": "digitalocean_ssh_key",
      "name": "terraform",
      "provider": "provider[\"registry.terraform.io/digitalocean/digitalocean\"]",
      "instances": [
        {
          "schema_version": 0,
          "attributes": {
            "fingerprint": "3e:b0:05:4a:04:98:d3:c1:0d:ab:ba:da:18:34:bf:e8",
            "id": 42297583,
            "name": "terraform",
            "public_key": "ssh-rsa AAAAB3NzaC1yc2EAAAADAQABAAABgQDuwDurogrFAr79s3H2y0I4M2ZzqqaiN1vgtLxux7i5DlbkO6CXg2fjNGuGWZ+wQPvPE87i0aPd/lyCnAFNzM4Hz96vOuTTFdvLs6RRLu/QB5kBrqJbWBxO0FVdQNNIigNZV173c67lnmfONbk+uZDzCGGZ3PvqRIPNDcoD8rIJtboi0ctq06m32cIcTfe9DzOnZG1CCxO7Qc0fIfJ8uLEZFIfkvYbV4+1ozlxx+tT7t5LgxyGWkq80XjzlEqW+IegeuNwdS+uFEwB4hG0e8Ci+JeNaio9yiqAA6DUPNVP47sCRXa6QH+xN2UyV58JuBRpM34yLr/rluJu13yi75L6xAlUP6cPjc7Lq0xwWBt3uxf0ia4DIUm1iqs14jX5LfFUJ7113OcA+BkvLPz1Vo/5oHtw42k7aobMCNVzMQvHONDVcrHxrgEH5oJzpBEBcFjE1Mt17INahFMgvbgs1BvrmJnT4SwEBZj2mOjwT+Ck60yBL7JEWq7z7D3+GlIMMXRs= orchid@marcuss-air.lan"
          },
          "sensitive_attributes": []
        }
      ]
    },
    {
      "module": "module.instances[\"commonrosebud\"]",
      "mode": "managed",
      "type": "digitalocean_droplet",
      "name": "this",
      "provider": "provider[\"registry.terraform.io/digitalocean/digitalocean\"]",
      "instances": [
        {
          "schema_version": 1,
          "attributes": {
            "backups": false,
            "created_at": "2024-06-06T22:42:51Z",
            "disk": 60,
            "droplet_agent": null,
            "graceful_shutdown": false,
            "id": "423937361",
            "image": "fedora-39-x64",
            "ipv4_address": "146.190.44.120",
            "ipv4_address_private": "10.124.0.4",
            "ipv6": false,
            "ipv6_address": "",
            "locked": false,
            "memory": 2048,
            "monitoring": false,
            "name": "commonrosebud",
            "price_hourly": 0.02679,
            "price_monthly": 18,
            "private_networking": true,
            "region": "sfo3",
            "resize_disk": true,
            "size": "s-2vcpu-2gb",
            "ssh_keys": [
              "42297583"
            ],
            "status": "active",
            "tags": null,
            "timeouts": null,
            "urn": "do:droplet:423937361",
            "user_data": null,
            "vcpus": 2,
            "volume_ids": [],
            "vpc_uuid": "6eebc4b1-5424-45ae-8ff1-40fe2da8bc18"
          },
          "sensitive_attributes": [],
          "private": "eyJlMmJmYjczMC1lY2FhLTExZTYtOGY4OC0zNDM2M2JjN2M0YzAiOnsiY3JlYXRlIjozNjAwMDAwMDAwMDAwLCJkZWxldGUiOjYwMDAwMDAwMDAwLCJ1cGRhdGUiOjM2MDAwMDAwMDAwMDB9LCJzY2hlbWFfdmVyc2lvbiI6IjEifQ==",
          "dependencies": [
            "module.instances.data.digitalocean_ssh_key.terraform"
          ]
        }
      ]
    },
    {
      "module": "module.instances[\"lonelyserpent\"]",
      "mode": "data",
      "type": "digitalocean_ssh_key",
      "name": "terraform",
      "provider": "provider[\"registry.terraform.io/digitalocean/digitalocean\"]",
      "instances": [
        {
          "schema_version": 0,
          "attributes": {
            "fingerprint": "3e:b0:05:4a:04:98:d3:c1:0d:ab:ba:da:18:34:bf:e8",
            "id": 42297583,
            "name": "terraform",
            "public_key": "ssh-rsa AAAAB3NzaC1yc2EAAAADAQABAAABgQDuwDurogrFAr79s3H2y0I4M2ZzqqaiN1vgtLxux7i5DlbkO6CXg2fjNGuGWZ+wQPvPE87i0aPd/lyCnAFNzM4Hz96vOuTTFdvLs6RRLu/QB5kBrqJbWBxO0FVdQNNIigNZV173c67lnmfONbk+uZDzCGGZ3PvqRIPNDcoD8rIJtboi0ctq06m32cIcTfe9DzOnZG1CCxO7Qc0fIfJ8uLEZFIfkvYbV4+1ozlxx+tT7t5LgxyGWkq80XjzlEqW+IegeuNwdS+uFEwB4hG0e8Ci+JeNaio9yiqAA6DUPNVP47sCRXa6QH+xN2UyV58JuBRpM34yLr/rluJu13yi75L6xAlUP6cPjc7Lq0xwWBt3uxf0ia4DIUm1iqs14jX5LfFUJ7113OcA+BkvLPz1Vo/5oHtw42k7aobMCNVzMQvHONDVcrHxrgEH5oJzpBEBcFjE1Mt17INahFMgvbgs1BvrmJnT4SwEBZj2mOjwT+Ck60yBL7JEWq7z7D3+GlIMMXRs= orchid@marcuss-air.lan"
          },
          "sensitive_attributes": []
        }
      ]
    },
    {
      "module": "module.instances[\"lonelyserpent\"]",
      "mode": "managed",
      "type": "digitalocean_droplet",
      "name": "this",
      "provider": "provider[\"registry.terraform.io/digitalocean/digitalocean\"]",
      "instances": [
        {
          "schema_version": 1,
          "attributes": {
            "backups": false,
            "created_at": "2024-06-06T22:42:52Z",
            "disk": 60,
            "droplet_agent": null,
            "graceful_shutdown": false,
            "id": "423937366",
            "image": "fedora-39-x64",
            "ipv4_address": "146.190.60.158",
            "ipv4_address_private": "10.124.0.7",
            "ipv6": false,
            "ipv6_address": "",
            "locked": false,
            "memory": 2048,
            "monitoring": false,
            "name": "lonelyserpent",
            "price_hourly": 0.02679,
            "price_monthly": 18,
            "private_networking": true,
            "region": "sfo3",
            "resize_disk": true,
            "size": "s-2vcpu-2gb",
            "ssh_keys": [
              "42297583"
            ],
            "status": "active",
            "tags": null,
            "timeouts": null,
            "urn": "do:droplet:423937366",
            "user_data": null,
            "vcpus": 2,
            "volume_ids": [],
            "vpc_uuid": "6eebc4b1-5424-45ae-8ff1-40fe2da8bc18"
          },
          "sensitive_attributes": [],
          "private": "eyJlMmJmYjczMC1lY2FhLTExZTYtOGY4OC0zNDM2M2JjN2M0YzAiOnsiY3JlYXRlIjozNjAwMDAwMDAwMDAwLCJkZWxldGUiOjYwMDAwMDAwMDAwLCJ1cGRhdGUiOjM2MDAwMDAwMDAwMDB9LCJzY2hlbWFfdmVyc2lvbiI6IjEifQ==",
          "dependencies": [
            "module.instances.data.digitalocean_ssh_key.terraform"
          ]
        }
      ]
    },
    {
      "module": "module.instances[\"production\"]",
      "mode": "data",
      "type": "digitalocean_ssh_key",
      "name": "terraform",
      "provider": "provider[\"registry.terraform.io/digitalocean/digitalocean\"]",
      "instances": [
        {
          "schema_version": 0,
          "attributes": {
            "fingerprint": "3e:b0:05:4a:04:98:d3:c1:0d:ab:ba:da:18:34:bf:e8",
            "id": 42297583,
            "name": "terraform",
            "public_key": "ssh-rsa AAAAB3NzaC1yc2EAAAADAQABAAABgQDuwDurogrFAr79s3H2y0I4M2ZzqqaiN1vgtLxux7i5DlbkO6CXg2fjNGuGWZ+wQPvPE87i0aPd/lyCnAFNzM4Hz96vOuTTFdvLs6RRLu/QB5kBrqJbWBxO0FVdQNNIigNZV173c67lnmfONbk+uZDzCGGZ3PvqRIPNDcoD8rIJtboi0ctq06m32cIcTfe9DzOnZG1CCxO7Qc0fIfJ8uLEZFIfkvYbV4+1ozlxx+tT7t5LgxyGWkq80XjzlEqW+IegeuNwdS+uFEwB4hG0e8Ci+JeNaio9yiqAA6DUPNVP47sCRXa6QH+xN2UyV58JuBRpM34yLr/rluJu13yi75L6xAlUP6cPjc7Lq0xwWBt3uxf0ia4DIUm1iqs14jX5LfFUJ7113OcA+BkvLPz1Vo/5oHtw42k7aobMCNVzMQvHONDVcrHxrgEH5oJzpBEBcFjE1Mt17INahFMgvbgs1BvrmJnT4SwEBZj2mOjwT+Ck60yBL7JEWq7z7D3+GlIMMXRs= orchid@marcuss-air.lan"
          },
          "sensitive_attributes": []
        }
      ]
    },
    {
      "module": "module.instances[\"production\"]",
      "mode": "managed",
      "type": "digitalocean_droplet",
      "name": "this",
      "provider": "provider[\"registry.terraform.io/digitalocean/digitalocean\"]",
      "instances": [
        {
          "schema_version": 1,
          "attributes": {
            "backups": false,
            "created_at": "2024-06-06T22:42:51Z",
            "disk": 80,
            "droplet_agent": null,
            "graceful_shutdown": false,
            "id": "423937362",
            "image": "fedora-39-x64",
            "ipv4_address": "146.190.116.184",
            "ipv4_address_private": "10.124.0.5",
            "ipv6": false,
            "ipv6_address": "",
            "locked": false,
            "memory": 4096,
            "monitoring": false,
            "name": "app",
            "price_hourly": 0.03571,
            "price_monthly": 24,
            "private_networking": true,
            "region": "sfo3",
            "resize_disk": true,
            "size": "s-2vcpu-4gb",
            "ssh_keys": [
              "42297583"
            ],
            "status": "active",
            "tags": null,
            "timeouts": null,
            "urn": "do:droplet:423937362",
            "user_data": null,
            "vcpus": 2,
            "volume_ids": [],
            "vpc_uuid": "6eebc4b1-5424-45ae-8ff1-40fe2da8bc18"
          },
          "sensitive_attributes": [],
          "private": "eyJlMmJmYjczMC1lY2FhLTExZTYtOGY4OC0zNDM2M2JjN2M0YzAiOnsiY3JlYXRlIjozNjAwMDAwMDAwMDAwLCJkZWxldGUiOjYwMDAwMDAwMDAwLCJ1cGRhdGUiOjM2MDAwMDAwMDAwMDB9LCJzY2hlbWFfdmVyc2lvbiI6IjEifQ==",
          "dependencies": [
            "module.instances.data.digitalocean_ssh_key.terraform"
          ]
        }
      ]
    },
    {
      "module": "module.instances[\"test\"]",
      "mode": "data",
      "type": "digitalocean_ssh_key",
      "name": "terraform",
      "provider": "provider[\"registry.terraform.io/digitalocean/digitalocean\"]",
      "instances": [
        {
          "schema_version": 0,
          "attributes": {
            "fingerprint": "3e:b0:05:4a:04:98:d3:c1:0d:ab:ba:da:18:34:bf:e8",
            "id": 42297583,
            "name": "terraform",
            "public_key": "ssh-rsa AAAAB3NzaC1yc2EAAAADAQABAAABgQDuwDurogrFAr79s3H2y0I4M2ZzqqaiN1vgtLxux7i5DlbkO6CXg2fjNGuGWZ+wQPvPE87i0aPd/lyCnAFNzM4Hz96vOuTTFdvLs6RRLu/QB5kBrqJbWBxO0FVdQNNIigNZV173c67lnmfONbk+uZDzCGGZ3PvqRIPNDcoD8rIJtboi0ctq06m32cIcTfe9DzOnZG1CCxO7Qc0fIfJ8uLEZFIfkvYbV4+1ozlxx+tT7t5LgxyGWkq80XjzlEqW+IegeuNwdS+uFEwB4hG0e8Ci+JeNaio9yiqAA6DUPNVP47sCRXa6QH+xN2UyV58JuBRpM34yLr/rluJu13yi75L6xAlUP6cPjc7Lq0xwWBt3uxf0ia4DIUm1iqs14jX5LfFUJ7113OcA+BkvLPz1Vo/5oHtw42k7aobMCNVzMQvHONDVcrHxrgEH5oJzpBEBcFjE1Mt17INahFMgvbgs1BvrmJnT4SwEBZj2mOjwT+Ck60yBL7JEWq7z7D3+GlIMMXRs= orchid@marcuss-air.lan"
          },
          "sensitive_attributes": []
        }
      ]
    },
    {
      "module": "module.instances[\"test\"]",
      "mode": "managed",
      "type": "digitalocean_droplet",
      "name": "this",
      "provider": "provider[\"registry.terraform.io/digitalocean/digitalocean\"]",
      "instances": [
        {
          "schema_version": 1,
          "attributes": {
            "backups": false,
            "created_at": "2024-06-06T22:42:51Z",
            "disk": 60,
            "droplet_agent": null,
            "graceful_shutdown": false,
            "id": "423937363",
            "image": "fedora-39-x64",
            "ipv4_address": "146.190.44.159",
            "ipv4_address_private": "10.124.0.6",
            "ipv6": false,
            "ipv6_address": "",
            "locked": false,
            "memory": 2048,
            "monitoring": false,
            "name": "test",
            "price_hourly": 0.02679,
            "price_monthly": 18,
            "private_networking": true,
            "region": "sfo3",
            "resize_disk": true,
            "size": "s-2vcpu-2gb",
            "ssh_keys": [
              "42297583"
            ],
            "status": "active",
            "tags": null,
            "timeouts": null,
            "urn": "do:droplet:423937363",
            "user_data": null,
            "vcpus": 2,
            "volume_ids": [],
            "vpc_uuid": "6eebc4b1-5424-45ae-8ff1-40fe2da8bc18"
          },
          "sensitive_attributes": [],
          "private": "eyJlMmJmYjczMC1lY2FhLTExZTYtOGY4OC0zNDM2M2JjN2M0YzAiOnsiY3JlYXRlIjozNjAwMDAwMDAwMDAwLCJkZWxldGUiOjYwMDAwMDAwMDAwLCJ1cGRhdGUiOjM2MDAwMDAwMDAwMDB9LCJzY2hlbWFfdmVyc2lvbiI6IjEifQ==",
          "dependencies": [
            "module.instances.data.digitalocean_ssh_key.terraform"
          ]
        }
      ]
    }
  ],
  "check_results": null
}
